
Microsoft Visual Studio Solution File, Format Version 12.00
# Visual Studio Version 17
VisualStudioVersion = 17.9.34616.47
MinimumVisualStudioVersion = 10.0.40219.1
Project("{9A19103F-16F7-4668-BE54-9A1E7A4F7556}") = "PartyDisplay", "PartyDisplay\PartyDisplay.csproj", "{9EAF363A-E7FA-4AB2-9420-C4A9599D2453}"
EndProject
Project("{9A19103F-16F7-4668-BE54-9A1E7A4F7556}") = "PartyDisplay.Desktop", "PartyDisplay.Desktop\PartyDisplay.Desktop.csproj", "{9A54921B-AE65-4769-B020-86DDED30C8C6}"
EndProject
Project("{8BC9CEB8-8B4A-11D0-8D11-00A0C91BC942}") = "PartyDisplay.Process", "PartyDisplay.Process\PartyDisplay.Process.vcxproj", "{F09D9C61-C68B-4311-BD0F-7C396FF773AD}"
EndProject
Global
	GlobalSection(SolutionConfigurationPlatforms) = preSolution
		Debug|Any CPU = Debug|Any CPU
		Debug|x64 = Debug|x64
		Debug|x86 = Debug|x86
		Release|Any CPU = Release|Any CPU
		Release|x64 = Release|x64
		Release|x86 = Release|x86
	EndGlobalSection
	GlobalSection(ProjectConfigurationPlatforms) = postSolution
		{9EAF363A-E7FA-4AB2-9420-C4A9599D2453}.Debug|Any CPU.ActiveCfg = Debug|Any CPU
		{9EAF363A-E7FA-4AB2-9420-C4A9599D2453}.Debug|Any CPU.Build.0 = Debug|Any CPU
		{9EAF363A-E7FA-4AB2-9420-C4A9599D2453}.Debug|x64.ActiveCfg = Debug|Any CPU
		{9EAF363A-E7FA-4AB2-9420-C4A9599D2453}.Debug|x64.Build.0 = Debug|Any CPU
		{9EAF363A-E7FA-4AB2-9420-C4A9599D2453}.Debug|x86.ActiveCfg = Debug|Any CPU
		{9EAF363A-E7FA-4AB2-9420-C4A9599D2453}.Debug|x86.Build.0 = Debug|Any CPU
		{9EAF363A-E7FA-4AB2-9420-C4A9599D2453}.Release|Any CPU.ActiveCfg = Release|Any CPU
		{9EAF363A-E7FA-4AB2-9420-C4A9599D2453}.Release|Any CPU.Build.0 = Release|Any CPU
		{9EAF363A-E7FA-4AB2-9420-C4A9599D2453}.Release|x64.ActiveCfg = Release|Any CPU
		{9EAF363A-E7FA-4AB2-9420-C4A9599D2453}.Release|x64.Build.0 = Release|Any CPU
		{9EAF363A-E7FA-4AB2-9420-C4A9599D2453}.Release|x86.ActiveCfg = Release|Any CPU
		{9EAF363A-E7FA-4AB2-9420-C4A9599D2453}.Release|x86.Build.0 = Release|Any CPU
		{9A54921B-AE65-4769-B020-86DDED30C8C6}.Debug|Any CPU.ActiveCfg = Debug|Any CPU
		{9A54921B-AE65-4769-B020-86DDED30C8C6}.Debug|Any CPU.Build.0 = Debug|Any CPU
		{9A54921B-AE65-4769-B020-86DDED30C8C6}.Debug|x64.ActiveCfg = Debug|Any CPU
		{9A54921B-AE65-4769-B020-86DDED30C8C6}.Debug|x64.Build.0 = Debug|Any CPU
		{9A54921B-AE65-4769-B020-86DDED30C8C6}.Debug|x86.ActiveCfg = Debug|Any CPU
		{9A54921B-AE65-4769-B020-86DDED30C8C6}.Debug|x86.Build.0 = Debug|Any CPU
		{9A54921B-AE65-4769-B020-86DDED30C8C6}.Release|Any CPU.ActiveCfg = Release|Any CPU
		{9A54921B-AE65-4769-B020-86DDED30C8C6}.Release|Any CPU.Build.0 = Release|Any CPU
		{9A54921B-AE65-4769-B020-86DDED30C8C6}.Release|x64.ActiveCfg = Release|Any CPU
		{9A54921B-AE65-4769-B020-86DDED30C8C6}.Release|x64.Build.0 = Release|Any CPU
		{9A54921B-AE65-4769-B020-86DDED30C8C6}.Release|x86.ActiveCfg = Release|Any CPU
		{9A54921B-AE65-4769-B020-86DDED30C8C6}.Release|x86.Build.0 = Release|Any CPU
		{F09D9C61-C68B-4311-BD0F-7C396FF773AD}.Debug|Any CPU.ActiveCfg = Debug|x64
		{F09D9C61-C68B-4311-BD0F-7C396FF773AD}.Debug|Any CPU.Build.0 = Debug|x64
		{F09D9C61-C68B-4311-BD0F-7C396FF773AD}.Debug|x64.ActiveCfg = Debug|x64
		{F09D9C61-C68B-4311-BD0F-7C396FF773AD}.Debug|x64.Build.0 = Debug|x64
		{F09D9C61-C68B-4311-BD0F-7C396FF773AD}.Debug|x86.ActiveCfg = Debug|Win32
		{F09D9C61-C68B-4311-BD0F-7C396FF773AD}.Debug|x86.Build.0 = Debug|Win32
		{F09D9C61-C68B-4311-BD0F-7C396FF773AD}.Release|Any CPU.ActiveCfg = Release|x64
		{F09D9C61-C68B-4311-BD0F-7C396FF773AD}.Release|Any CPU.Build.0 = Release|x64
		{F09D9C61-C68B-4311-BD0F-7C396FF773AD}.Release|x64.ActiveCfg = Release|x64
		{F09D9C61-C68B-4311-BD0F-7C396FF773AD}.Release|x64.Build.0 = Release|x64
		{F09D9C61-C68B-4311-BD0F-7C396FF773AD}.Release|x86.ActiveCfg = Release|Win32
		{F09D9C61-C68B-4311-BD0F-7C396FF773AD}.Release|x86.Build.0 = Release|Win32
	EndGlobalSection
	GlobalSection(SolutionProperties) = preSolution
		HideSolutionNode = FALSE
	EndGlobalSection
	GlobalSection(ExtensibilityGlobals) = postSolution
		SolutionGuid = {7092769D-A4E1-45F5-BA77-6DC6D759E7CA}
	EndGlobalSection
EndGlobal
